lockfileVersion: '9.0'

settings:
  autoInstallPeers: true
  excludeLinksFromLockfile: false

importers:

  .:
    dependencies:
      '@better-auth/prisma-adapter':
        specifier: ^1.6.23
        version: 1.6.23(@better-auth/core@1.6.23(@better-auth/utils@0.4.2)(@better-fetch/fetch@1.3.1)(better-call@1.3.7(zod@4.4.3))(jose@6.2.3)(kysely@0.29.2)(nanostores@1.4.0))(@better-auth/utils@0.4.2)(@prisma/client@6.6.0(prisma@6.6.0(typescript@5.0.2))(typescript@5.0.2))(prisma@6.6.0(typescript@5.0.2))
      '@elysiajs/cors':
        specifier: ^1.4.2
        version: 1.4.2(elysia@1.4.29(@sinclair/typebox@0.34.49)(@types/bun@1.3.14)(exact-mirror@1.2.2)(file-type@22.0.1)(openapi-types@12.1.3)(typescript@5.0.2))
      '@elysiajs/static':
        specifier: ^1.4.10
        version: 1.4.10(elysia@1.4.29(@sinclair/typebox@0.34.49)(@types/bun@1.3.14)(exact-mirror@1.2.2)(file-type@22.0.1)(openapi-types@12.1.3)(typescript@5.0.2))
      '@libsql/client':
        specifier: ^0.17.4
        version: 0.17.4
      '@prisma/client':
        specifier: 6.6.0
        version: 6.6.0(prisma@6.6.0(typescript@5.0.2))(typescript@5.0.2)
      bcryptjs:
        specifier: ^3.0.3
        version: 3.0.3
      better-auth:
        specifier: ^1.6.23
        version: 1.6.23(@prisma/client@6.6.0(prisma@6.6.0(typescript@5.0.2))(typescript@5.0.2))(prisma@6.6.0(typescript@5.0.2))
      elysia:
        specifier: ^1.4.29
        version: 1.4.29(@sinclair/typebox@0.34.49)(@types/bun@1.3.14)(exact-mirror@1.2.2)(file-type@22.0.1)(openapi-types@12.1.3)(typescript@5.0.2)
      prisma:
        specifier: 6.6.0
        version: 6.6.0(typescript@5.0.2)
      typescript:
        specifier: ^5
        version: 5.0.2
      zod:
        specifier: ^4.3.6
        version: 4.4.3
    devDependencies:
      '@types/bun':
        specifier: latest
        version: 1.3.14

packages:

  '@better-auth/core@1.6.23':
    resolution: {integrity: sha512-beEhOs0uVeOxYOZKUfIEBd/nQV2Bd4/6wyLxZ0OFkn6CMTK2Vi+hXuZLnyPBeB6RdHpebEoJWiHqwHxBIxgPDQ==}
    peerDependencies:
      '@better-auth/utils': 0.4.2
      '@better-fetch/fetch': 1.3.1
      '@cloudflare/workers-types': '>=4'
      '@opentelemetry/api': ^1.9.0
      better-call: 1.3.7
      jose: ^6.1.0
      kysely: ^0.28.5 || ^0.29.0
      nanostores: ^1.0.1
    peerDependenciesMeta:
      '@cloudflare/workers-types':
        optional: true
      '@opentelemetry/api':
        optional: true

  '@better-auth/drizzle-adapter@1.6.23':
    resolution: {integrity: sha512-2+/PTVfIP9E7iz6af8TB3lhnowHUj9ljC66kECmHaFEdUqPgzHoWux9epotKwO7XDg2ui4ttWQ8CMeNFLvQeKQ==}
    peerDependencies:
      '@better-auth/core': ^1.6.23
      '@better-auth/utils': 0.4.2
      drizzle-orm: ^0.45.2
    peerDependenciesMeta:
      drizzle-orm:
        optional: true

  '@better-auth/kysely-adapter@1.6.23':
    resolution: {integrity: sha512-zbNJsMbG09exfkGyvFqBLLqWoMPAUWjxCuUnEK5AsjbYoZeIjj/QGZgdf4CapVWryKxjA9Q6Jlr6fbiPpC3VAg==}
    peerDependencies:
      '@better-auth/core': ^1.6.23
      '@better-auth/utils': 0.4.2
      kysely: ^0.28.17 || ^0.29.0
    peerDependenciesMeta:
      kysely:
        optional: true

  '@better-auth/memory-adapter@1.6.23':
    resolution: {integrity: sha512-krIiR0pIVkaKlAzm690n5bcMW4NGbqeMg0HQSD9fz/KcQF/eWLqcq9gG/BhHTj2i/y96qH+W5JWPmaSOS5iTgQ==}
    peerDependencies:
      '@better-auth/core': ^1.6.23
      '@better-auth/utils': 0.4.2

  '@better-auth/mongo-adapter@1.6.23':
    resolution: {integrity: sha512-7+QdevitGlKBbP6JbiSk5SBnzPsKV/mDrQBGBn8hwByQLeJwqpqbuBPw7ZI8vzUlFfAAnyFiqwP3Eb8mxnp7pA==}
    peerDependencies:
      '@better-auth/core': ^1.6.23
      '@better-auth/utils': 0.4.2
      mongodb: ^6.0.0 || ^7.0.0
    peerDependenciesMeta:
      mongodb:
        optional: true

  '@better-auth/prisma-adapter@1.6.23':
    resolution: {integrity: sha512-2qSdzidq4tkb1eS5TTqb4Nzg0mdZWm3Qky9SYeXeb8PpVQbC2sxqJhEM5mK7y12uU6I8hc64wO9f7AFVNL+6UQ==}
    peerDependencies:
      '@better-auth/core': ^1.6.23
      '@better-auth/utils': 0.4.2
      '@prisma/client': ^5.0.0 || ^6.0.0 || ^7.0.0
      prisma: ^5.0.0 || ^6.0.0 || ^7.0.0
    peerDependenciesMeta:
      '@prisma/client':
        optional: true
      prisma:
        optional: true

  '@better-auth/telemetry@1.6.23':
    resolution: {integrity: sha512-/R2Kb+z2BpDOOWwVHqOk+c0VNpuwfCv4Hp5Yr9003WIZPax/zyNraGLB9CFE8qF2gZW8Dsz419k4I8CPrGzpDA==}
    peerDependencies:
      '@better-auth/core': ^1.6.23
      '@better-auth/utils': 0.4.2
      '@better-fetch/fetch': 1.3.1

  '@better-auth/utils@0.4.2':
    resolution: {integrity: sha512-AUxrvu+HaaODsUyzDxFgwd/8RZ1yZaYo42LXKSrU2oGgR38pS1ij8nqQKNgtTWoYGpNevNXtCfgTy6loHveW9A==}

  '@better-fetch/fetch@1.3.1':
    resolution: {integrity: sha512-ABkD1WhyfPZprKRQI3bhATjeiFuNWC9PXhfGWqL+sg/gKrM977oFrYkdb4msM3hgUGonr7KlOsOFT5TU2rht9g==}

  '@borewit/text-codec@0.2.2':
    resolution: {integrity: sha512-DDaRehssg1aNrH4+2hnj1B7vnUGEjU6OIlyRdkMd0aUdIUvKXrJfXsy8LVtXAy7DRvYVluWbMspsRhz2lcW0mQ==}

  '@elysiajs/cors@1.4.2':
    resolution: {integrity: sha512-FTCcbH35brTLigF1W7BYySRZomgI/dBEMK9BgK9RP9Nez7zmpGh4koL/Yr1BFv8nYz7CfhRvcM8d/c+XnwMaVQ==}
    peerDependencies:
      elysia: '>= 1.4.0'

  '@elysiajs/static@1.4.10':
    resolution: {integrity: sha512-BN/3PZVWjqkL/6TM7RH69Pae89CfU0OqfEYPeBp2hB/GR5Euds39Wy+0ug9Vbvu++GG4tRRANf2QjaLnriJveg==}
    peerDependencies:
      elysia: '>= 1.4.0'

  '@esbuild/aix-ppc64@0.28.1':
    resolution: {integrity: sha512-Svl7tq8k/08+p6CXPpRjQ1fKX+1odH/BQbb48fV6fj3CWHhsoIOoY87w1oHXm0qEpkIK3ZfVgp0hed3XBXzXMQ==}
    engines: {node: '>=18'}
    cpu: [ppc64]
    os: [aix]

  '@esbuild/android-arm64@0.28.1':
    resolution: {integrity: sha512-34EGEbCIAgosYz6goLcopX6Mo7NyGv9tfwEM2/7Ce2VcVRk568iSvniGWcUXIy7wEDR1wzolcxcriFVrWYcwBg==}
    engines: {node: '>=18'}
    cpu: [arm64]
    os: [android]

  '@esbuild/android-arm@0.28.1':
    resolution: {integrity: sha512-0k2F129Xdio1TdJfzJ8sy1Q47vUD2NnwdhiAf7drUN1EBTfPf4hsFCtmMgu/6m8JSzsBrlmVjudMBQqOfG8usQ==}
    engines: {node: '>=18'}
    cpu: [arm]
    os: [android]

  '@esbuild/android-x64@0.28.1':
    resolution: {integrity: sha512-dbwY7ltSMDWsRatcRpCnES4F+im88OCUgGZjy52shC7GqHRE/cYlxNbB4Z4UpJswpcc4Qxd2oE/ufM0p61IKng==}
    engines: {node: '>=18'}
    cpu: [x64]
    os: [android]

  '@esbuild/darwin-arm64@0.28.1':
    resolution: {integrity: sha512-TZbWkQY7kvTAXbXUT7uVACR5cMHsDiSz9z7ZKAX/RTq/WJEk3QyRr0wZpNhBDX+/0CtdqUIJlOiodQcta6tY3Q==}
    engines: {node: '>=18'}
    cpu: [arm64]
    os: [darwin]

  '@esbuild/darwin-x64@0.28.1':
    resolution: {integrity: sha512-zfdzgK9ACBNZLI/CyHTOx81SyNbM6YXn7rxSgX97VjyiPl9W1i4Ka4fgKECEoFCKGpvBj5qArWIGgQjOwkgskQ==}
    engines: {node: '>=18'}
    cpu: [x64]
    os: [darwin]

  '@esbuild/freebsd-arm64@0.28.1':
    resolution: {integrity: sha512-wG2EA8ENdEI0qhkSZMjfqrdY+ziCYCPMmtZjjIwOmXFjmyzEHn+UUxk5of+SYsjtfs3VpnlC7QLzSI5hY/rOAw==}
    engines: {node: '>=18'}
    cpu: [arm64]
    os: [freebsd]

  '@esbuild/freebsd-x64@0.28.1':
    resolution: {integrity: sha512-i7dZ9vQgnvSCzi/rYCXNgtF/U+eKZNJBzu3eTQbRgHnM7tNSizLOkRFAl3qzVc/Op/u5YkHHa4pf/3DOYHthLQ==}
    engines: {node: '>=18'}
    cpu: [x64]
    os: [freebsd]

  '@esbuild/linux-arm64@0.28.1':
    resolution: {integrity: sha512-yHs+0uc8+nvEAfAfxrWQKK5peSNzBc4PegcMO0EJ2hT71uA7vB8Ihg2e77R2P7SG5uYjPbHlLLmve4LLLRCf0g==}
    engines: {node: '>=18'}
    cpu: [arm64]
    os: [linux]

  '@esbuild/linux-arm@0.28.1':
    resolution: {integrity: sha512-qVXBOHQS+d5Y722GwJzJUtOLlX7km3CraOaGormF1pDtPd2C/l1SHRPgjLunLGe51Sh5YYWKMFDyV4SxgMQYTQ==}
    engines: {node: '>=18'}
    cpu: [arm]
    os: [linux]

  '@esbuild/linux-ia32@0.28.1':
    resolution: {integrity: sha512-d1z4ZuP0ajrfz/FhGT4vv278rX8KnPPJx8i5+AtK7TYbx9Le9F1hyzurZpkEyjkGa9dUGhQow4C1NmeGvqxN2w==}
    engines: {node: '>=18'}
    cpu: [ia32]
    os: [linux]

  '@esbuild/linux-loong64@0.28.1':
    resolution: {integrity: sha512-M5sRjUVZrkm1OAPR3dlOYzNmN+loZKGVi1VUQGrwuqLcbR6qeAz+famMhjASeH3YVKvZz+zT1jlh/keC3Rj/lg==}
    engines: {node: '>=18'}
    cpu: [loong64]
    os: [linux]

  '@esbuild/linux-mips64el@0.28.1':
    resolution: {integrity: sha512-mRObBZeHh2OxcBFPWE/FjylkRgZdYuiTR3vaTozquCGOH14iP9oN4x4Ge81CoIDYQrXmIxpFumJBu5MtZpnQJQ==}
    engines: {node: '>=18'}
    cpu: [mips64el]
    os: [linux]

  '@esbuild/linux-ppc64@0.28.1':
    resolution: {integrity: sha512-slScBsMAb3GFDcdrCgLwZtPYRoH2H/youv10QiZyRjmsP48fznoveWytSgCI/R0ZcUgpc0ZhIUEx6LHts8yrfQ==}
    engines: {node: '>=18'}
    cpu: [ppc64]
    os: [linux]

  '@esbuild/linux-riscv64@0.28.1':
    resolution: {integrity: sha512-kw0owk1o0GFETUJyW0jc0G4Yzs0BHZn0JDZ8JRT088vjJYX777BAs1fDGxAC+q831qOs2DTC96mNsG2opdfyyQ==}
    engines: {node: '>=18'}
    cpu: [riscv64]
    os: [linux]

  '@esbuild/linux-s390x@0.28.1':
    resolution: {integrity: sha512-/lAIjX8aYFRByhh6L5rYtPEDRqa9de/4V/juOXcta5frjvzXO4/sqEtyytse0g3zZFuWu5cDN0MkLz2qRDD2Ag==}
    engines: {node: '>=18'}
    cpu: [s390x]
    os: [linux]

  '@esbuild/linux-x64@0.28.1':
    resolution: {integrity: sha512-u/anNYF2mmVOEDwLtnQ1wOr3EZ9sTNGLWrsYGYwHWzGA3Si84IOkHXlbWTD1NB+9/1lcnweYKO54uhxZydNzfA==}
    engines: {node: '>=18'}
    cpu: [x64]
    os: [linux]

  '@esbuild/netbsd-arm64@0.28.1':
    resolution: {integrity: sha512-oks0DYbLwWMmaakTsCb+zL4E+aHRVLom9IJZOAthMQEPiQmydXHkziYEsGYRx0uNV/IjEKGAV941JzH02pflqw==}
    engines: {node: '>=18'}
    cpu: [arm64]
    os: [netbsd]

  '@esbuild/netbsd-x64@0.28.1':
    resolution: {integrity: sha512-aeL6lAnN89Hz43Mlh1G8ARasbuoYvSITDEx0tHh5b7jJnHcssqgjy9Yx430GDpmCa6OyrKoS0aNRjKundRizGg==}
    engines: {node: '>=18'}
    cpu: [x64]
    os: [netbsd]

  '@esbuild/openbsd-arm64@0.28.1':
    resolution: {integrity: sha512-MEFJe5C3R8pwXdZ5Y21oo6m7ePiS0d9pWucn99O/wvyJZChoIQKrQDxKrGeW8F5+T0okTHesAmDeiHDTIq0V/Q==}
    engines: {node: '>=18'}
    cpu: [arm64]
    os: [openbsd]

  '@esbuild/openbsd-x64@0.28.1':
    resolution: {integrity: sha512-i/ZLIOafE0Z8cI/XANJAixoJL/uRAoS2xOA3rb0xN+KK0K177cMAsQYkzHtBrtMXAKuAc7HGgcWiZ/sRC1Nxgw==}
    engines: {node: '>=18'}
    cpu: [x64]
    os: [openbsd]

  '@esbuild/openharmony-arm64@0.28.1':
    resolution: {integrity: sha512-ge+Z7EXFNt2BO1oAMsVpiQ8EwndV9i1xXerAeTIK7AtPs3bKFXQM7nlRxDSIUIMeueR1CNXxqztLzdNeReKBJg==}
    engines: {node: '>=18'}
    cpu: [arm64]
    os: [openharmony]

  '@esbuild/sunos-x64@0.28.1':
    resolution: {integrity: sha512-BEjgtECkL3vY+SaSQ6nzVfiALUeFxpawyp8Jmf5PtYhf1Ug40N1h/hxlhts+f1FvSvarEigdxS3BlSMI2PJLcQ==}
    engines: {node: '>=18'}
    cpu: [x64]
    os: [sunos]

  '@esbuild/win32-arm64@0.28.1':
    resolution: {integrity: sha512-lCv9eK/H6ZJWbE7bh2nw54CZ9M2nupBxJcTsdk/QQnWkdSjKGuxmmH8/GWrlT1eMmZfn4dGcCjRte397WqfQXA==}
    engines: {node: '>=18'}
    cpu: [arm64]
    os: [win32]

  '@esbuild/win32-ia32@0.28.1':
    resolution: {integrity: sha512-zvb/mB2bSCoJOpoCBgYKKpX6YM6mJBlBUVUtVj41DlZJVEB6/0CKlRYxP5wWl1C1ILiCoAU5wZZ4q1P3qeS6Eg==}
    engines: {node: '>=18'}
    cpu: [ia32]
    os: [win32]

  '@esbuild/win32-x64@0.28.1':
    resolution: {integrity: sha512-bm4Mowrv+GXMlpWX++EcXw/iLyd1o3+bJkC2DkWXYVvgZCqD/bSj9ctZeAMC3cIxgjRVR2Dufaiu4YPxr5gW1A==}
    engines: {node: '>=18'}
    cpu: [x64]
    os: [win32]

  '@libsql/client@0.17.4':
    resolution: {integrity: sha512-lYayFWasDV78A+TjlEhr6ubb3odBV6OHjb+wdp8VQcyWWAEIjuwbCHaraEUS4m4yWoo0BvZo96It4VdzZRmRWw==}

  '@libsql/core@0.17.4':
    resolution: {integrity: sha512-LqF9gIvnJ38nmAH1y/ChizHqDO/MO1wLgA96XrraulEEbqXxLjleSH92YWTolbuJKgPUmGu4aJk9W3UnAcxLOQ==}

  '@libsql/darwin-arm64@0.5.29':
    resolution: {integrity: sha512-K+2RIB1OGFPYQbfay48GakLhqf3ArcbHqPFu7EZiaUcRgFcdw8RoltsMyvbj5ix2fY0HV3Q3Ioa/ByvQdaSM0A==}
    cpu: [arm64]
    os: [darwin]

  '@libsql/darwin-x64@0.5.29':
    resolution: {integrity: sha512-OtT+KFHsKFy1R5FVadr8FJ2Bb1mghtXTyJkxv0trocq7NuHntSki1eUbxpO5ezJesDvBlqFjnWaYYY516QNLhQ==}
    cpu: [x64]
    os: [darwin]

  '@libsql/hrana-client@0.10.0':
    resolution: {integrity: sha512-OoA4EMqRAC7kn7V2P6EQqRcpZf2W+AjsNIyCizBg339Tq/aMC7sRnzs3SklderhmQWAqEzvv8A2vhxVmWpkVvw==}

  '@libsql/isomorphic-ws@0.1.5':
    resolution: {integrity: sha512-DtLWIH29onUYR00i0GlQ3UdcTRC6EP4u9w/h9LxpUZJWRMARk6dQwZ6Jkd+QdwVpuAOrdxt18v0K2uIYR3fwFg==}

  '@libsql/linux-arm-gnueabihf@0.5.29':
    resolution: {integrity: sha512-CD4n4zj7SJTHso4nf5cuMoWoMSS7asn5hHygsDuhRl8jjjCTT3yE+xdUvI4J7zsyb53VO5ISh4cwwOtf6k2UhQ==}
    cpu: [arm]
    os: [linux]

  '@libsql/linux-arm-musleabihf@0.5.29':
    resolution: {integrity: sha512-2Z9qBVpEJV7OeflzIR3+l5yAd4uTOLxklScYTwpZnkm2vDSGlC1PRlueLaufc4EFITkLKXK2MWBpexuNJfMVcg==}
    cpu: [arm]
    os: [linux]

  '@libsql/linux-arm64-gnu@0.5.29':
    resolution: {integrity: sha512-gURBqaiXIGGwFNEaUj8Ldk7Hps4STtG+31aEidCk5evMMdtsdfL3HPCpvys+ZF/tkOs2MWlRWoSq7SOuCE9k3w==}
    cpu: [arm64]
    os: [linux]

  '@libsql/linux-arm64-musl@0.5.29':
    resolution: {integrity: sha512-fwgYZ0H8mUkyVqXZHF3mT/92iIh1N94Owi/f66cPVNsk9BdGKq5gVpoKO+7UxaNzuEH1roJp2QEwsCZMvBLpqg==}
    cpu: [arm64]
    os: [linux]

  '@libsql/linux-x64-gnu@0.5.29':
    resolution: {integrity: sha512-y14V0vY0nmMC6G0pHeJcEarcnGU2H6cm21ZceRkacWHvQAEhAG0latQkCtoS2njFOXiYIg+JYPfAoWKbi82rkg==}
    cpu: [x64]
    os: [linux]

  '@libsql/linux-x64-musl@0.5.29':
    resolution: {integrity: sha512-gquqwA/39tH4pFl+J9n3SOMSymjX+6kZ3kWgY3b94nXFTwac9bnFNMffIomgvlFaC4ArVqMnOZD3nuJ3H3VO1w==}
    cpu: [x64]
    os: [linux]

  '@libsql/win32-x64-msvc@0.5.29':
    resolution: {integrity: sha512-4/0CvEdhi6+KjMxMaVbFM2n2Z44escBRoEYpR+gZg64DdetzGnYm8mcNLcoySaDJZNaBd6wz5DNdgRmcI4hXcg==}
    cpu: [x64]
    os: [win32]

  '@neon-rs/load@0.0.4':
    resolution: {integrity: sha512-kTPhdZyTQxB+2wpiRcFWrDcejc4JI6tkPuS7UZCG4l6Zvc5kU/gGQ/ozvHTh1XR5tS+UlfAfGuPajjzQjCiHCw==}

  '@noble/ciphers@2.2.0':
    resolution: {integrity: sha512-Z6pjIZ/8IJcCGzb2S/0Px5J81yij85xASuk1teLNeg75bfT07MV3a/O2Mtn1I2se43k3lkVEcFaR10N4cgQcZA==}
    engines: {node: '>= 20.19.0'}

  '@noble/hashes@2.2.0':
    resolution: {integrity: sha512-IYqDGiTXab6FniAgnSdZwgWbomxpy9FtYvLKs7wCUs2a8RkITG+DFGO1DM9cr+E3/RgADRpFjrKVaJ1z6sjtEg==}
    engines: {node: '>= 20.19.0'}

  '@opentelemetry/semantic-conventions@1.41.1':
    resolution: {integrity: sha512-/UhIkaZgPutTFmQ7RnIJGgDXZmtEJ7Dvi86xNTFWcnRxVRNk/aotsqDJYeEvDP+FSMB2SdW+pQzNMcWP0rwuNA==}
    engines: {node: '>=14'}

  '@prisma/client@6.6.0':
    resolution: {integrity: sha512-vfp73YT/BHsWWOAuthKQ/1lBgESSqYqAWZEYyTdGXyFAHpmewwWL2Iz6ErIzkj4aHbuc6/cGSsE6ZY+pBO04Cg==}
    engines: {node: '>=18.18'}
    peerDependencies:
      prisma: '*'
      typescript: '>=5.1.0'
    peerDependenciesMeta:
      prisma:
        optional: true
      typescript:
        optional: true

  '@prisma/config@6.6.0':
    resolution: {integrity: sha512-d8FlXRHsx72RbN8nA2QCRORNv5AcUnPXgtPvwhXmYkQSMF/j9cKaJg+9VcUzBRXGy9QBckNzEQDEJZdEOZ+ubA==}

  '@prisma/debug@6.6.0':
    resolution: {integrity: sha512-DL6n4IKlW5k2LEXzpN60SQ1kP/F6fqaCgU/McgaYsxSf43GZ8lwtmXLke9efS+L1uGmrhtBUP4npV/QKF8s2ZQ==}

  '@prisma/engines-version@6.6.0-53.f676762280b54cd07c770017ed3711ddde35f37a':
    resolution: {integrity: sha512-JzRaQ5Em1fuEcbR3nUsMNYaIYrOT1iMheenjCvzZblJcjv/3JIuxXN7RCNT5i6lRkLodW5ojCGhR7n5yvnNKrw==}

  '@prisma/engines@6.6.0':
    resolution: {integrity: sha512-nC0IV4NHh7500cozD1fBoTwTD1ydJERndreIjpZr/S3mno3P6tm8qnXmIND5SwUkibNeSJMpgl4gAnlqJ/gVlg==}

  '@prisma/fetch-engine@6.6.0':
    resolution: {integrity: sha512-Ohfo8gKp05LFLZaBlPUApM0M7k43a0jmo86YY35u1/4t+vuQH9mRGU7jGwVzGFY3v+9edeb/cowb1oG4buM1yw==}

  '@prisma/get-platform@6.6.0':
    resolution: {integrity: sha512-3qCwmnT4Jh5WCGUrkWcc6VZaw0JY7eWN175/pcb5Z6FiLZZ3ygY93UX0WuV41bG51a6JN/oBH0uywJ90Y+V5eA==}

  '@sinclair/typebox@0.34.49':
    resolution: {integrity: sha512-brySQQs7Jtn0joV8Xh9ZV/hZb9Ozb0pmazDIASBkYKCjXrXU3mpcFahmK/z4YDhGkQvP9mWJbVyahdtU5wQA+A==}

  '@standard-schema/spec@1.1.0':
    resolution: {integrity: sha512-l2aFy5jALhniG5HgqrD6jXLi/rUWrKvqN/qJx6yoJsgKhblVd+iqqU4RCXavm/jPityDo5TCvKMnpjKnOriy0w==}

  '@tokenizer/inflate@0.4.1':
    resolution: {integrity: sha512-2mAv+8pkG6GIZiF1kNg1jAjh27IDxEPKwdGul3snfztFerfPGI1LjDezZp3i7BElXompqEtPmoPx6c2wgtWsOA==}
    engines: {node: '>=18'}

  '@tokenizer/token@0.3.0':
    resolution: {integrity: sha512-OvjF+z51L3ov0OyAU0duzsYuvO01PH7x4t6DJx+guahgTnBHkhJdG7soQeTSFLWN3efnHyibZ4Z8l2EuWwJN3A==}

  '@types/bun@1.3.14':
    resolution: {integrity: sha512-h1hFqFVcvAvD9j9K7ZW7vd82aSA+rTdznZa+5bwvCwqSB1jmmfLcbIWhOLx1/+boy/xmjgCs/OMUL8hRJSmnPw==}

  '@types/node@26.0.1':
    resolution: {integrity: sha512-fc3KiUoBt6kie0N9bIW3E47vZsuaMf0PM2AaUpLCLT0s/LvX1nxAim6Fc049cNxODPpGm6qRAuUOB86SkRuPQw==}

  '@types/ws@8.18.1':
    resolution: {integrity: sha512-ThVF6DCVhA8kUGy+aazFQ4kXQ7E1Ty7A3ypFOe0IcJV8O/M511G99AW24irKrW56Wt44yG9+ij8FaqoBGkuBXg==}

  bcryptjs@3.0.3:
    resolution: {integrity: sha512-GlF5wPWnSa/X5LKM1o0wz0suXIINz1iHRLvTS+sLyi7XPbe5ycmYI3DlZqVGZZtDgl4DmasFg7gOB3JYbphV5g==}
    hasBin: true

  better-auth@1.6.23:
    resolution: {integrity: sha512-4vOaRd9UiKGKm9R+ej0jjU1es3MiJIiNc9Qq3VCnYqOZ4/nb5272QqTxWYoDxyUXl5x6A2x2we5KZKQO9teTQQ==}
    peerDependencies:
      '@lynx-js/react': '*'
      '@prisma/client': ^5.0.0 || ^6.0.0 || ^7.0.0
      '@sveltejs/kit': ^2.0.0
      '@tanstack/react-start': ^1.0.0
      '@tanstack/solid-start': ^1.0.0
      better-sqlite3: ^12.0.0
      drizzle-kit: '>=0.31.4'
      drizzle-orm: ^0.45.2
      mongodb: ^6.0.0 || ^7.0.0
      mysql2: ^3.0.0
      next: ^14.0.0 || ^15.0.0 || ^16.0.0
      pg: ^8.0.0
      prisma: ^5.0.0 || ^6.0.0 || ^7.0.0
      react: ^18.0.0 || ^19.0.0
      react-dom: ^18.0.0 || ^19.0.0
      solid-js: ^1.0.0
      svelte: ^4.0.0 || ^5.0.0
      vitest: ^2.0.0 || ^3.0.0 || ^4.0.0
      vue: ^3.0.0
    peerDependenciesMeta:
      '@lynx-js/react':
        optional: true
      '@prisma/client':
        optional: true
      '@sveltejs/kit':
        optional: true
      '@tanstack/react-start':
        optional: true
      '@tanstack/solid-start':
        optional: true
      better-sqlite3:
        optional: true
      drizzle-kit:
        optional: true
      drizzle-orm:
        optional: true
      mongodb:
        optional: true
      mysql2:
        optional: true
      next:
        optional: true
      pg:
        optional: true
      prisma:
        optional: true
      react:
        optional: true
      react-dom:
        optional: true
      solid-js:
        optional: true
      svelte:
        optional: true
      vitest:
        optional: true
      vue:
        optional: true

  better-call@1.3.7:
    resolution: {integrity: sha512-Al51/hjp2SSp6CRTa3F2ptcx4yQVS1xWKoY6jcVXqNYOap6mHFP2jUBn5EwIL4iIed1/Sq4hlQ+Umm6EflZG+w==}
    peerDependencies:
      zod: ^4.0.0
    peerDependenciesMeta:
      zod:
        optional: true

  bun-types@1.3.14:
    resolution: {integrity: sha512-4N0ig0fEomHt5R0KCFWjovxow98rIoRwKolrYdCcknNwMekCXRnWEUvgu5soYV8QXtVsrUD8B95MBOZGPvr6KQ==}

  cookie@1.1.1:
    resolution: {integrity: sha512-ei8Aos7ja0weRpFzJnEA9UHJ/7XQmqglbRwnf2ATjcB9Wq874VKH9kfjjirM6UhU2/E5fFYadylyhFldcqSidQ==}
    engines: {node: '>=18'}

  debug@4.4.3:
    resolution: {integrity: sha512-RGwwWnwQvkVfavKVt22FGLw+xYSdzARwm0ru6DhTVA3umU5hZc28V3kO4stgYryrTlLpuvgI9GiijltAjNbcqA==}
    engines: {node: '>=6.0'}
    peerDependencies:
      supports-color: '*'
    peerDependenciesMeta:
      supports-color:
        optional: true

  defu@6.1.7:
    resolution: {integrity: sha512-7z22QmUWiQ/2d0KkdYmANbRUVABpZ9SNYyH5vx6PZ+nE5bcC0l7uFvEfHlyld/HcGBFTL536ClDt3DEcSlEJAQ==}

  detect-libc@2.0.2:
    resolution: {integrity: sha512-UX6sGumvvqSaXgdKGUsgZWqcUyIXZ/vZTrlRT/iobiKhGL0zL4d3osHj3uqllWJK+i+sixDS/3COVEOFbupFyw==}
    engines: {node: '>=8'}

  elysia@1.4.29:
    resolution: {integrity: sha512-GwMRGGwSdjfPt+w3LA0fqTuYJtS8uVRJicvoar98/HrO5qdFKDc9CwjIb6Kja+v39lkY+58hr2JvdR9jQzlUuA==}
    peerDependencies:
      '@sinclair/typebox': '>= 0.34.0 < 1'
      '@types/bun': '>= 1.2.0'
      exact-mirror: '>= 0.0.9'
      file-type: '>= 20.0.0'
      openapi-types: '>= 12.0.0'
      typescript: '>= 5.0.0'
    peerDependenciesMeta:
      '@types/bun':
        optional: true
      typescript:
        optional: true

  esbuild-register@3.6.0:
    resolution: {integrity: sha512-H2/S7Pm8a9CL1uhp9OvjwrBh5Pvx0H8qVOxNu8Wed9Y7qv56MPtq+GGM8RJpq6glYJn9Wspr8uw7l55uyinNeg==}
    peerDependencies:
      esbuild: '>=0.12 <1'

  esbuild@0.28.1:
    resolution: {integrity: sha512-HrJrvZv5ayxBzPfwphOoNzkzOIIlifzk0KJrGK2c8R4+LKpMtpYLQeUdjnwjWv/LZlkH2laZk+4w78pi99D4Vw==}
    engines: {node: '>=18'}
    hasBin: true

  exact-mirror@1.2.2:
    resolution: {integrity: sha512-jUlRkZOPN3rCAy4kmZeD2HCnoXwJ6KlWNkEBJ3sEJ2rbLSU+tN60hY7XzPZkImRQOJczllvOBYTYEJTYScPh5Q==}
    peerDependencies:
      typebox: '>= 1.1.0'
    peerDependenciesMeta:
      typebox:
        optional: true

  fast-decode-uri-component@1.0.1:
    resolution: {integrity: sha512-WKgKWg5eUxvRZGwW8FvfbaH7AXSh2cL+3j5fMGzUMCxWBJ3dV3a7Wz8y2f/uQ0e3B6WmodD3oS54jTQ9HVTIIg==}

  file-type@22.0.1:
    resolution: {integrity: sha512-ww5Mhre0EE+jmBvOXTmXAbEMuZE7uX4a3+oRCQFNj8w++g3ev913N6tXQz0XTXbueQ5TWQfm6BdaViEHHn8bhA==}
    engines: {node: '>=22'}

  fsevents@2.3.3:
    resolution: {integrity: sha512-5xoDfX+fL7faATnagmWPpbFtwh/R77WmMMqqHGS65C3vvB0YHrgF+B1YmZ3441tMj5n63k0212XNoJwzlhffQw==}
    engines: {node: ^8.16.0 || ^10.6.0 || >=11.0.0}
    os: [darwin]

  ieee754@1.2.1:
    resolution: {integrity: sha512-dcyqhDvX1C46lXZcVqCpK+FtMRQVdIMN6/Df5js2zouUsqG7I6sFxitIC+7KYK29KdXOLHdu9zL4sFnoVQnqaA==}

  jose@6.2.3:
    resolution: {integrity: sha512-YYVDInQKFJfR/xa3ojUTl8c2KoTwiL1R5Wg9YCydwH0x0B9grbzlg5HC7mMjCtUJjbQ/YnGEZIhI5tCgfTb4Hw==}

  js-base64@3.8.0:
    resolution: {integrity: sha512-65kvbemyZhj+ExQt1PEFyBEjL5vAHysu1lJdW1AwhhChkO8ZBPizYk/m9GVrpbS2Je1hF+UYZ+6KywqtZV8mHw==}

  kysely@0.29.2:
    resolution: {integrity: sha512-s6WVJyEZrbm6jhBpiKHsGHyePMrVQKJ85wZCFCr9W4QHv6WTjWIrdvTmO9hDEA3bNK0xkrE2DqrHsXMLWuZpQg==}
    engines: {node: '>=22.0.0'}

  libsql@0.5.29:
    resolution: {integrity: sha512-8lMP8iMgiBzzoNbAPQ59qdVcj6UaE/Vnm+fiwX4doX4Narook0a4GPKWBEv+CR8a1OwbfkgL18uBfBjWdF0Fzg==}
    cpu: [x64, arm64, wasm32, arm]
    os: [darwin, linux, win32]

  memoirist@0.4.0:
    resolution: {integrity: sha512-zxTgA0mSYELa66DimuNQDvyLq36AwDlTuVRbnQtB+VuTcKWm5Qc4z3WkSpgsFWHNhexqkIooqpv4hdcqrX5Nmg==}

  ms@2.1.3:
    resolution: {integrity: sha512-6FlzubTLZG3J2a/NVCAleEhjzq5oxgHyaCU9yYXvcLsvoVaHJq/s5xXI6/XXP6tz7R9xAOtHnSO/tXtF3WRTlA==}

  nanostores@1.4.0:
    resolution: {integrity: sha512-i0tloweeudshAEuddpDxcg9Ik6pkPfVsHIgKyf143JrgG7/MOh0+q7BypdLXZPoOP7fOYt1eTcwGkyiVmhJFkA==}
    engines: {node: ^20.0.0 || >=22.0.0}

  openapi-types@12.1.3:
    resolution: {integrity: sha512-N4YtSYJqghVu4iek2ZUvcN/0aqH1kRDuNqzcycDxhOUpg7GdvLa2F3DgS6yBNhInhv2r/6I0Flkn7CqL8+nIcw==}

  prisma@6.6.0:
    resolution: {integrity: sha512-SYCUykz+1cnl6Ugd8VUvtTQq5+j1Q7C0CtzKPjQ8JyA2ALh0EEJkMCS+KgdnvKW1lrxjtjCyJSHOOT236mENYg==}
    engines: {node: '>=18.18'}
    hasBin: true
    peerDependencies:
      typescript: '>=5.1.0'
    peerDependenciesMeta:
      typescript:
        optional: true

  promise-limit@2.7.0:
    resolution: {integrity: sha512-7nJ6v5lnJsXwGprnGXga4wx6d1POjvi5Qmf1ivTRxTjH4Z/9Czja/UCMLVmB9N93GeWOU93XaFaEt6jbuoagNw==}

  rou3@0.7.12:
    resolution: {integrity: sha512-iFE4hLDuloSWcD7mjdCDhx2bKcIsYbtOTpfH5MHHLSKMOUyjqQXTeZVa289uuwEGEKFoE/BAPbhaU4B774nceg==}

  set-cookie-parser@3.1.1:
    resolution: {integrity: sha512-vM9SUhjsUYs6UeJUmygc5Ofm5eQGe85riob5ju6XCgFGJI5PLV4nrDAQpQjd+LkFBpAkADn5BQQpZ9EUNkyLuA==}

  strtok3@10.3.5:
    resolution: {integrity: sha512-ki4hZQfh5rX0QDLLkOCj+h+CVNkqmp/CMf8v8kZpkNVK6jGQooMytqzLZYUVYIZcFZ6yDB70EfD8POcFXiF5oA==}
    engines: {node: '>=18'}

  token-types@6.1.2:
    resolution: {integrity: sha512-dRXchy+C0IgK8WPC6xvCHFRIWYUbqqdEIKPaKo/AcTUNzwLTK6AH7RjdLWsEZcAN/TBdtfUw3PYEgPr5VPr6ww==}
    engines: {node: '>=14.16'}

  typescript@5.0.2:
    resolution: {integrity: sha512-wVORMBGO/FAs/++blGNeAVdbNKtIh1rbBL2EyQ1+J9lClJ93KiiKe8PmFIVdXhHcyv44SL9oglmfeSsndo0jRw==}
    engines: {node: '>=12.20'}
    hasBin: true

  uint8array-extras@1.5.0:
    resolution: {integrity: sha512-rvKSBiC5zqCCiDZ9kAOszZcDvdAHwwIKJG33Ykj43OKcWsnmcBRL09YTU4nOeHZ8Y2a7l1MgTd08SBe9A8Qj6A==}
    engines: {node: '>=18'}

  undici-types@8.3.0:
    resolution: {integrity: sha512-j375ScV60dom+YkPFIfTLcOiPxkN/buHz5GobjLhixFuANaNs3C9l4GmrWqejgXWJ7BbJcFYpTEUkS1Ge8bpZQ==}

  ws@8.21.0:
    resolution: {integrity: sha512-Vsp28b7DRcimFQvrqu2Wek3z1iYxDCWqHYB8Qsnk/S4RfaCQzPGPyBNuVjJV3cd6UiKtUtp6sNM77gWvzcCH+g==}
    engines: {node: '>=10.0.0'}
    peerDependencies:
      bufferutil: ^4.0.1
      utf-8-validate: '>=5.0.2'
    peerDependenciesMeta:
      bufferutil:
        optional: true
      utf-8-validate:
        optional: true

  zod@4.4.3:
    resolution: {integrity: sha512-ytENFjIJFl2UwYglde2jchW2Hwm4GJFLDiSXWdTrJQBIN9Fcyp7n4DhxJEiWNAJMV1/BqWfW/kkg71UDcHJyTQ==}

snapshots:

  '@better-auth/core@1.6.23(@better-auth/utils@0.4.2)(@better-fetch/fetch@1.3.1)(better-call@1.3.7(zod@4.4.3))(jose@6.2.3)(kysely@0.29.2)(nanostores@1.4.0)':
    dependencies:
      '@better-auth/utils': 0.4.2
      '@better-fetch/fetch': 1.3.1
      '@opentelemetry/semantic-conventions': 1.41.1
      '@standard-schema/spec': 1.1.0
      better-call: 1.3.7(zod@4.4.3)
      jose: 6.2.3
      kysely: 0.29.2
      nanostores: 1.4.0
      zod: 4.4.3

  '@better-auth/drizzle-adapter@1.6.23(@better-auth/core@1.6.23(@better-auth/utils@0.4.2)(@better-fetch/fetch@1.3.1)(better-call@1.3.7(zod@4.4.3))(jose@6.2.3)(kysely@0.29.2)(nanostores@1.4.0))(@better-auth/utils@0.4.2)':
    dependencies:
      '@better-auth/core': 1.6.23(@better-auth/utils@0.4.2)(@better-fetch/fetch@1.3.1)(better-call@1.3.7(zod@4.4.3))(jose@6.2.3)(kysely@0.29.2)(nanostores@1.4.0)
      '@better-auth/utils': 0.4.2

  '@better-auth/kysely-adapter@1.6.23(@better-auth/core@1.6.23(@better-auth/utils@0.4.2)(@better-fetch/fetch@1.3.1)(better-call@1.3.7(zod@4.4.3))(jose@6.2.3)(kysely@0.29.2)(nanostores@1.4.0))(@better-auth/utils@0.4.2)(kysely@0.29.2)':
    dependencies:
      '@better-auth/core': 1.6.23(@better-auth/utils@0.4.2)(@better-fetch/fetch@1.3.1)(better-call@1.3.7(zod@4.4.3))(jose@6.2.3)(kysely@0.29.2)(nanostores@1.4.0)
      '@better-auth/utils': 0.4.2
    optionalDependencies:
      kysely: 0.29.2

  '@better-auth/memory-adapter@1.6.23(@better-auth/core@1.6.23(@better-auth/utils@0.4.2)(@better-fetch/fetch@1.3.1)(better-call@1.3.7(zod@4.4.3))(jose@6.2.3)(kysely@0.29.2)(nanostores@1.4.0))(@better-auth/utils@0.4.2)':
    dependencies:
      '@better-auth/core': 1.6.23(@better-auth/utils@0.4.2)(@better-fetch/fetch@1.3.1)(better-call@1.3.7(zod@4.4.3))(jose@6.2.3)(kysely@0.29.2)(nanostores@1.4.0)
      '@better-auth/utils': 0.4.2

  '@better-auth/mongo-adapter@1.6.23(@better-auth/core@1.6.23(@better-auth/utils@0.4.2)(@better-fetch/fetch@1.3.1)(better-call@1.3.7(zod@4.4.3))(jose@6.2.3)(kysely@0.29.2)(nanostores@1.4.0))(@better-auth/utils@0.4.2)':
    dependencies:
      '@better-auth/core': 1.6.23(@better-auth/utils@0.4.2)(@better-fetch/fetch@1.3.1)(better-call@1.3.7(zod@4.4.3))(jose@6.2.3)(kysely@0.29.2)(nanostores@1.4.0)
      '@better-auth/utils': 0.4.2

  '@better-auth/prisma-adapter@1.6.23(@better-auth/core@1.6.23(@better-auth/utils@0.4.2)(@better-fetch/fetch@1.3.1)(better-call@1.3.7(zod@4.4.3))(jose@6.2.3)(kysely@0.29.2)(nanostores@1.4.0))(@better-auth/utils@0.4.2)(@prisma/client@6.6.0(prisma@6.6.0(typescript@5.0.2))(typescript@5.0.2))(prisma@6.6.0(typescript@5.0.2))':
    dependencies:
      '@better-auth/core': 1.6.23(@better-auth/utils@0.4.2)(@better-fetch/fetch@1.3.1)(better-call@1.3.7(zod@4.4.3))(jose@6.2.3)(kysely@0.29.2)(nanostores@1.4.0)
      '@better-auth/utils': 0.4.2
    optionalDependencies:
      '@prisma/client': 6.6.0(prisma@6.6.0(typescript@5.0.2))(typescript@5.0.2)
      prisma: 6.6.0(typescript@5.0.2)

  '@better-auth/telemetry@1.6.23(@better-auth/core@1.6.23(@better-auth/utils@0.4.2)(@better-fetch/fetch@1.3.1)(better-call@1.3.7(zod@4.4.3))(jose@6.2.3)(kysely@0.29.2)(nanostores@1.4.0))(@better-auth/utils@0.4.2)(@better-fetch/fetch@1.3.1)':
    dependencies:
      '@better-auth/core': 1.6.23(@better-auth/utils@0.4.2)(@better-fetch/fetch@1.3.1)(better-call@1.3.7(zod@4.4.3))(jose@6.2.3)(kysely@0.29.2)(nanostores@1.4.0)
      '@better-auth/utils': 0.4.2
      '@better-fetch/fetch': 1.3.1

  '@better-auth/utils@0.4.2':
    dependencies:
      '@noble/hashes': 2.2.0

  '@better-fetch/fetch@1.3.1': {}

  '@borewit/text-codec@0.2.2': {}

  '@elysiajs/cors@1.4.2(elysia@1.4.29(@sinclair/typebox@0.34.49)(@types/bun@1.3.14)(exact-mirror@1.2.2)(file-type@22.0.1)(openapi-types@12.1.3)(typescript@5.0.2))':
    dependencies:
      elysia: 1.4.29(@sinclair/typebox@0.34.49)(@types/bun@1.3.14)(exact-mirror@1.2.2)(file-type@22.0.1)(openapi-types@12.1.3)(typescript@5.0.2)

  '@elysiajs/static@1.4.10(elysia@1.4.29(@sinclair/typebox@0.34.49)(@types/bun@1.3.14)(exact-mirror@1.2.2)(file-type@22.0.1)(openapi-types@12.1.3)(typescript@5.0.2))':
    dependencies:
      elysia: 1.4.29(@sinclair/typebox@0.34.49)(@types/bun@1.3.14)(exact-mirror@1.2.2)(file-type@22.0.1)(openapi-types@12.1.3)(typescript@5.0.2)

  '@esbuild/aix-ppc64@0.28.1':
    optional: true

  '@esbuild/android-arm64@0.28.1':
    optional: true

  '@esbuild/android-arm@0.28.1':
    optional: true

  '@esbuild/android-x64@0.28.1':
    optional: true

  '@esbuild/darwin-arm64@0.28.1':
    optional: true

  '@esbuild/darwin-x64@0.28.1':
    optional: true

  '@esbuild/freebsd-arm64@0.28.1':
    optional: true

  '@esbuild/freebsd-x64@0.28.1':
    optional: true

  '@esbuild/linux-arm64@0.28.1':
    optional: true

  '@esbuild/linux-arm@0.28.1':
    optional: true

  '@esbuild/linux-ia32@0.28.1':
    optional: true

  '@esbuild/linux-loong64@0.28.1':
    optional: true

  '@esbuild/linux-mips64el@0.28.1':
    optional: true

  '@esbuild/linux-ppc64@0.28.1':
    optional: true

  '@esbuild/linux-riscv64@0.28.1':
    optional: true

  '@esbuild/linux-s390x@0.28.1':
    optional: true

  '@esbuild/linux-x64@0.28.1':
    optional: true

  '@esbuild/netbsd-arm64@0.28.1':
    optional: true

  '@esbuild/netbsd-x64@0.28.1':
    optional: true

  '@esbuild/openbsd-arm64@0.28.1':
    optional: true

  '@esbuild/openbsd-x64@0.28.1':
    optional: true

  '@esbuild/openharmony-arm64@0.28.1':
    optional: true

  '@esbuild/sunos-x64@0.28.1':
    optional: true

  '@esbuild/win32-arm64@0.28.1':
    optional: true

  '@esbuild/win32-ia32@0.28.1':
    optional: true

  '@esbuild/win32-x64@0.28.1':
    optional: true

  '@libsql/client@0.17.4':
    dependencies:
      '@libsql/core': 0.17.4
      '@libsql/hrana-client': 0.10.0
      js-base64: 3.8.0
      libsql: 0.5.29
      promise-limit: 2.7.0
    transitivePeerDependencies:
      - bufferutil
      - utf-8-validate

  '@libsql/core@0.17.4':
    dependencies:
      js-base64: 3.8.0

  '@libsql/darwin-arm64@0.5.29':
    optional: true

  '@libsql/darwin-x64@0.5.29':
    optional: true

  '@libsql/hrana-client@0.10.0':
    dependencies:
      '@libsql/isomorphic-ws': 0.1.5
      js-base64: 3.8.0
    transitivePeerDependencies:
      - bufferutil
      - utf-8-validate

  '@libsql/isomorphic-ws@0.1.5':
    dependencies:
      '@types/ws': 8.18.1
      ws: 8.21.0
    transitivePeerDependencies:
      - bufferutil
      - utf-8-validate

  '@libsql/linux-arm-gnueabihf@0.5.29':
    optional: true

  '@libsql/linux-arm-musleabihf@0.5.29':
    optional: true

  '@libsql/linux-arm64-gnu@0.5.29':
    optional: true

  '@libsql/linux-arm64-musl@0.5.29':
    optional: true

  '@libsql/linux-x64-gnu@0.5.29':
    optional: true

  '@libsql/linux-x64-musl@0.5.29':
    optional: true

  '@libsql/win32-x64-msvc@0.5.29':
    optional: true

  '@neon-rs/load@0.0.4': {}

  '@noble/ciphers@2.2.0': {}

  '@noble/hashes@2.2.0': {}

  '@opentelemetry/semantic-conventions@1.41.1': {}

  '@prisma/client@6.6.0(prisma@6.6.0(typescript@5.0.2))(typescript@5.0.2)':
    optionalDependencies:
      prisma: 6.6.0(typescript@5.0.2)
      typescript: 5.0.2

  '@prisma/config@6.6.0':
    dependencies:
      esbuild: 0.28.1
      esbuild-register: 3.6.0(esbuild@0.28.1)
    transitivePeerDependencies:
      - supports-color

  '@prisma/debug@6.6.0': {}

  '@prisma/engines-version@6.6.0-53.f676762280b54cd07c770017ed3711ddde35f37a': {}

  '@prisma/engines@6.6.0':
    dependencies:
      '@prisma/debug': 6.6.0
      '@prisma/engines-version': 6.6.0-53.f676762280b54cd07c770017ed3711ddde35f37a
      '@prisma/fetch-engine': 6.6.0
      '@prisma/get-platform': 6.6.0

  '@prisma/fetch-engine@6.6.0':
    dependencies:
      '@prisma/debug': 6.6.0
      '@prisma/engines-version': 6.6.0-53.f676762280b54cd07c770017ed3711ddde35f37a
      '@prisma/get-platform': 6.6.0

  '@prisma/get-platform@6.6.0':
    dependencies:
      '@prisma/debug': 6.6.0

  '@sinclair/typebox@0.34.49': {}

  '@standard-schema/spec@1.1.0': {}

  '@tokenizer/inflate@0.4.1':
    dependencies:
      debug: 4.4.3
      token-types: 6.1.2
    transitivePeerDependencies:
      - supports-color

  '@tokenizer/token@0.3.0': {}

  '@types/bun@1.3.14':
    dependencies:
      bun-types: 1.3.14

  '@types/node@26.0.1':
    dependencies:
      undici-types: 8.3.0

  '@types/ws@8.18.1':
    dependencies:
      '@types/node': 26.0.1

  bcryptjs@3.0.3: {}

  better-auth@1.6.23(@prisma/client@6.6.0(prisma@6.6.0(typescript@5.0.2))(typescript@5.0.2))(prisma@6.6.0(typescript@5.0.2)):
    dependencies:
      '@better-auth/core': 1.6.23(@better-auth/utils@0.4.2)(@better-fetch/fetch@1.3.1)(better-call@1.3.7(zod@4.4.3))(jose@6.2.3)(kysely@0.29.2)(nanostores@1.4.0)
      '@better-auth/drizzle-adapter': 1.6.23(@better-auth/core@1.6.23(@better-auth/utils@0.4.2)(@better-fetch/fetch@1.3.1)(better-call@1.3.7(zod@4.4.3))(jose@6.2.3)(kysely@0.29.2)(nanostores@1.4.0))(@better-auth/utils@0.4.2)
      '@better-auth/kysely-adapter': 1.6.23(@better-auth/core@1.6.23(@better-auth/utils@0.4.2)(@better-fetch/fetch@1.3.1)(better-call@1.3.7(zod@4.4.3))(jose@6.2.3)(kysely@0.29.2)(nanostores@1.4.0))(@better-auth/utils@0.4.2)(kysely@0.29.2)
      '@better-auth/memory-adapter': 1.6.23(@better-auth/core@1.6.23(@better-auth/utils@0.4.2)(@better-fetch/fetch@1.3.1)(better-call@1.3.7(zod@4.4.3))(jose@6.2.3)(kysely@0.29.2)(nanostores@1.4.0))(@better-auth/utils@0.4.2)
      '@better-auth/mongo-adapter': 1.6.23(@better-auth/core@1.6.23(@better-auth/utils@0.4.2)(@better-fetch/fetch@1.3.1)(better-call@1.3.7(zod@4.4.3))(jose@6.2.3)(kysely@0.29.2)(nanostores@1.4.0))(@better-auth/utils@0.4.2)
      '@better-auth/prisma-adapter': 1.6.23(@better-auth/core@1.6.23(@better-auth/utils@0.4.2)(@better-fetch/fetch@1.3.1)(better-call@1.3.7(zod@4.4.3))(jose@6.2.3)(kysely@0.29.2)(nanostores@1.4.0))(@better-auth/utils@0.4.2)(@prisma/client@6.6.0(prisma@6.6.0(typescript@5.0.2))(typescript@5.0.2))(prisma@6.6.0(typescript@5.0.2))
      '@better-auth/telemetry': 1.6.23(@better-auth/core@1.6.23(@better-auth/utils@0.4.2)(@better-fetch/fetch@1.3.1)(better-call@1.3.7(zod@4.4.3))(jose@6.2.3)(kysely@0.29.2)(nanostores@1.4.0))(@better-auth/utils@0.4.2)(@better-fetch/fetch@1.3.1)
      '@better-auth/utils': 0.4.2
      '@better-fetch/fetch': 1.3.1
      '@noble/ciphers': 2.2.0
      '@noble/hashes': 2.2.0
      better-call: 1.3.7(zod@4.4.3)
      defu: 6.1.7
      jose: 6.2.3
      kysely: 0.29.2
      nanostores: 1.4.0
      zod: 4.4.3
    optionalDependencies:
      '@prisma/client': 6.6.0(prisma@6.6.0(typescript@5.0.2))(typescript@5.0.2)
      prisma: 6.6.0(typescript@5.0.2)
    transitivePeerDependencies:
      - '@cloudflare/workers-types'
      - '@opentelemetry/api'

  better-call@1.3.7(zod@4.4.3):
    dependencies:
      '@better-auth/utils': 0.4.2
      '@better-fetch/fetch': 1.3.1
      rou3: 0.7.12
      set-cookie-parser: 3.1.1
    optionalDependencies:
      zod: 4.4.3

  bun-types@1.3.14:
    dependencies:
      '@types/node': 26.0.1

  cookie@1.1.1: {}

  debug@4.4.3:
    dependencies:
      ms: 2.1.3

  defu@6.1.7: {}

  detect-libc@2.0.2: {}

  elysia@1.4.29(@sinclair/typebox@0.34.49)(@types/bun@1.3.14)(exact-mirror@1.2.2)(file-type@22.0.1)(openapi-types@12.1.3)(typescript@5.0.2):
    dependencies:
      '@sinclair/typebox': 0.34.49
      cookie: 1.1.1
      exact-mirror: 1.2.2
      fast-decode-uri-component: 1.0.1
      file-type: 22.0.1
      memoirist: 0.4.0
      openapi-types: 12.1.3
    optionalDependencies:
      '@types/bun': 1.3.14
      typescript: 5.0.2

  esbuild-register@3.6.0(esbuild@0.28.1):
    dependencies:
      debug: 4.4.3
      esbuild: 0.28.1
    transitivePeerDependencies:
      - supports-color

  esbuild@0.28.1:
    optionalDependencies:
      '@esbuild/aix-ppc64': 0.28.1
      '@esbuild/android-arm': 0.28.1
      '@esbuild/android-arm64': 0.28.1
      '@esbuild/android-x64': 0.28.1
      '@esbuild/darwin-arm64': 0.28.1
      '@esbuild/darwin-x64': 0.28.1
      '@esbuild/freebsd-arm64': 0.28.1
      '@esbuild/freebsd-x64': 0.28.1
      '@esbuild/linux-arm': 0.28.1
      '@esbuild/linux-arm64': 0.28.1
      '@esbuild/linux-ia32': 0.28.1
      '@esbuild/linux-loong64': 0.28.1
      '@esbuild/linux-mips64el': 0.28.1
      '@esbuild/linux-ppc64': 0.28.1
      '@esbuild/linux-riscv64': 0.28.1
      '@esbuild/linux-s390x': 0.28.1
      '@esbuild/linux-x64': 0.28.1
      '@esbuild/netbsd-arm64': 0.28.1
      '@esbuild/netbsd-x64': 0.28.1
      '@esbuild/openbsd-arm64': 0.28.1
      '@esbuild/openbsd-x64': 0.28.1
      '@esbuild/openharmony-arm64': 0.28.1
      '@esbuild/sunos-x64': 0.28.1
      '@esbuild/win32-arm64': 0.28.1
      '@esbuild/win32-ia32': 0.28.1
      '@esbuild/win32-x64': 0.28.1

  exact-mirror@1.2.2: {}

  fast-decode-uri-component@1.0.1: {}

  file-type@22.0.1:
    dependencies:
      '@tokenizer/inflate': 0.4.1
      strtok3: 10.3.5
      token-types: 6.1.2
      uint8array-extras: 1.5.0
    transitivePeerDependencies:
      - supports-color

  fsevents@2.3.3:
    optional: true

  ieee754@1.2.1: {}

  jose@6.2.3: {}

  js-base64@3.8.0: {}

  kysely@0.29.2: {}

  libsql@0.5.29:
    dependencies:
      '@neon-rs/load': 0.0.4
      detect-libc: 2.0.2
    optionalDependencies:
      '@libsql/darwin-arm64': 0.5.29
      '@libsql/darwin-x64': 0.5.29
      '@libsql/linux-arm-gnueabihf': 0.5.29
      '@libsql/linux-arm-musleabihf': 0.5.29
      '@libsql/linux-arm64-gnu': 0.5.29
      '@libsql/linux-arm64-musl': 0.5.29
      '@libsql/linux-x64-gnu': 0.5.29
      '@libsql/linux-x64-musl': 0.5.29
      '@libsql/win32-x64-msvc': 0.5.29

  memoirist@0.4.0: {}

  ms@2.1.3: {}

  nanostores@1.4.0: {}

  openapi-types@12.1.3: {}

  prisma@6.6.0(typescript@5.0.2):
    dependencies:
      '@prisma/config': 6.6.0
      '@prisma/engines': 6.6.0
    optionalDependencies:
      fsevents: 2.3.3
      typescript: 5.0.2
    transitivePeerDependencies:
      - supports-color

  promise-limit@2.7.0: {}

  rou3@0.7.12: {}

  set-cookie-parser@3.1.1: {}

  strtok3@10.3.5:
    dependencies:
      '@tokenizer/token': 0.3.0

  token-types@6.1.2:
    dependencies:
      '@borewit/text-codec': 0.2.2
      '@tokenizer/token': 0.3.0
      ieee754: 1.2.1

  typescript@5.0.2: {}

  uint8array-extras@1.5.0: {}

  undici-types@8.3.0: {}

  ws@8.21.0: {}

  zod@4.4.3: {}
